
Microsoft Visual Studio Solution File, Format Version 12.00
# Visual Studio 15
VisualStudioVersion = 15.0.27130.0
MinimumVisualStudioVersion = 15.0.26430.13
Project("{9A19103F-16F7-4668-BE54-9A1E7A4F7556}") = "NServiceBus.Persistence.AzureStorage", "NServiceBus.Persistence.AzureStorage\NServiceBus.Persistence.AzureStorage.csproj", "{12F1D9F1-0A2C-4442-8D18-67DD096C6300}"
EndProject
Project("{9A19103F-16F7-4668-BE54-9A1E7A4F7556}") = "Tests", "Tests\Tests.csproj", "{E25B5433-7166-4C10-A76E-C0546F9E2497}"
EndProject
Project("{9A19103F-16F7-4668-BE54-9A1E7A4F7556}") = "NonTransactionalSagas.AcceptanceTests", "NonTransactionalSagas.AcceptanceTests\NonTransactionalSagas.AcceptanceTests.csproj", "{EB7993F8-1F30-4688-B30B-E11370116EB0}"
EndProject
Project("{2150E333-8FDC-42A3-9474-1A3956D46DE8}") = "Solution Items", "Solution Items", "{98E63ED0-83D3-475E-89AF-95D5659F2C40}"
	ProjectSection(SolutionItems) = preProject
		Directory.Build.props = Directory.Build.props
		..\GitVersion.yml = ..\GitVersion.yml
	EndProjectSection
EndProject
Project("{FAE04EC0-301F-11D3-BF4B-00C04F79EFBC}") = "PersistenceTests", "PersistenceTests\PersistenceTests.csproj", "{25876184-D0C6-4049-AE23-8345A8D5097D}"
EndProject
Global
	GlobalSection(SolutionConfigurationPlatforms) = preSolution
		Debug|Any CPU = Debug|Any CPU
		Release|Any CPU = Release|Any CPU
	EndGlobalSection
	GlobalSection(ProjectConfigurationPlatforms) = postSolution
		{12F1D9F1-0A2C-4442-8D18-67DD096C6300}.Debug|Any CPU.ActiveCfg = Debug|Any CPU
		{12F1D9F1-0A2C-4442-8D18-67DD096C6300}.Debug|Any CPU.Build.0 = Debug|Any CPU
		{12F1D9F1-0A2C-4442-8D18-67DD096C6300}.Release|Any CPU.ActiveCfg = Release|Any CPU
		{12F1D9F1-0A2C-4442-8D18-67DD096C6300}.Release|Any CPU.Build.0 = Release|Any CPU
		{E25B5433-7166-4C10-A76E-C0546F9E2497}.Debug|Any CPU.ActiveCfg = Debug|Any CPU
		{E25B5433-7166-4C10-A76E-C0546F9E2497}.Debug|Any CPU.Build.0 = Debug|Any CPU
		{E25B5433-7166-4C10-A76E-C0546F9E2497}.Release|Any CPU.ActiveCfg = Release|Any CPU
		{E25B5433-7166-4C10-A76E-C0546F9E2497}.Release|Any CPU.Build.0 = Release|Any CPU
		{EB7993F8-1F30-4688-B30B-E11370116EB0}.Debug|Any CPU.ActiveCfg = Debug|Any CPU
		{EB7993F8-1F30-4688-B30B-E11370116EB0}.Debug|Any CPU.Build.0 = Debug|Any CPU
		{EB7993F8-1F30-4688-B30B-E11370116EB0}.Release|Any CPU.ActiveCfg = Release|Any CPU
		{EB7993F8-1F30-4688-B30B-E11370116EB0}.Release|Any CPU.Build.0 = Release|Any CPU
		{25876184-D0C6-4049-AE23-8345A8D5097D}.Debug|Any CPU.ActiveCfg = Debug|Any CPU
		{25876184-D0C6-4049-AE23-8345A8D5097D}.Debug|Any CPU.Build.0 = Debug|Any CPU
		{25876184-D0C6-4049-AE23-8345A8D5097D}.Release|Any CPU.ActiveCfg = Release|Any CPU
		{25876184-D0C6-4049-AE23-8345A8D5097D}.Release|Any CPU.Build.0 = Release|Any CPU
	EndGlobalSection
	GlobalSection(SolutionProperties) = preSolution
		HideSolutionNode = FALSE
	EndGlobalSection
	GlobalSection(ExtensibilityGlobals) = postSolution
		SolutionGuid = {F6528E06-7F6F-4992-A1D8-7026741554FB}
	EndGlobalSection
EndGlobal
