
Microsoft Visual Studio Solution File, Format Version 12.00
# Visual Studio 15
VisualStudioVersion = 15.0.27130.0
MinimumVisualStudioVersion = 15.0.26430.13
Project("{9A19103F-16F7-4668-BE54-9A1E7A4F7556}") = "NServiceBus.Persistence.AzureTable", "NServiceBus.Persistence.AzureTable\NServiceBus.Persistence.AzureTable.csproj", "{12F1D9F1-0A2C-4442-8D18-67DD096C6300}"
EndProject
Project("{9A19103F-16F7-4668-BE54-9A1E7A4F7556}") = "Tests", "Tests\Tests.csproj", "{E25B5433-7166-4C10-A76E-C0546F9E2497}"
EndProject
Project("{9A19103F-16F7-4668-BE54-9A1E7A4F7556}") = "NonTransactionalSagas.AcceptanceTests", "NonTransactionalSagas.AcceptanceTests\NonTransactionalSagas.AcceptanceTests.csproj", "{EB7993F8-1F30-4688-B30B-E11370116EB0}"
EndProject
Project("{2150E333-8FDC-42A3-9474-1A3956D46DE8}") = "Solution Items", "Solution Items", "{98E63ED0-83D3-475E-89AF-95D5659F2C40}"
	ProjectSection(SolutionItems) = preProject
		Directory.Build.props = Directory.Build.props
		..\GitVersion.yml = ..\GitVersion.yml
	EndProjectSection
EndProject
Project("{FAE04EC0-301F-11D3-BF4B-00C04F79EFBC}") = "PersistenceTests", "PersistenceTests\PersistenceTests.csproj", "{25876184-D0C6-4049-AE23-8345A8D5097D}"
EndProject
Project("{FAE04EC0-301F-11D3-BF4B-00C04F79EFBC}") = "PhysicalOutbox.AcceptanceTests", "PhysicalOutbox.AcceptanceTests\PhysicalOutbox.AcceptanceTests.csproj", "{DD21A669-2627-4BC0-9197-69FA75E03959}"
EndProject
Project("{FAE04EC0-301F-11D3-BF4B-00C04F79EFBC}") = "LogicalOutbox.AcceptanceTests", "LogicalOutbox.AcceptanceTests\LogicalOutbox.AcceptanceTests.csproj", "{8D2A3F43-F947-45A8-85E1-BD683613FB0E}"
EndProject
Project("{FAE04EC0-301F-11D3-BF4B-00C04F79EFBC}") = "NonTransactionalSagasWithConventionalTables.AcceptanceTests", "NonTransactionalSagasWithConventionalTables.AcceptanceTests\NonTransactionalSagasWithConventionalTables.AcceptanceTests.csproj", "{7E310A40-8736-4EF5-989A-7AA0B5805C2C}"
EndProject
Project("{FAE04EC0-301F-11D3-BF4B-00C04F79EFBC}") = "Subscription.AcceptanceTests", "Subscription.AcceptanceTests\Subscription.AcceptanceTests.csproj", "{EB5496F1-5B2C-4E4A-8B10-32F487233AD2}"
EndProject
Project("{FAE04EC0-301F-11D3-BF4B-00C04F79EFBC}") = "Migration.AcceptanceTests", "Migration.AcceptanceTests\Migration.AcceptanceTests.csproj", "{2EFA7EE6-1ADA-4DD6-8DBB-1310FEB7D3CE}"
EndProject
Project("{FAE04EC0-301F-11D3-BF4B-00C04F79EFBC}") = "PhysicalOutbox.CosmosDB.AcceptanceTests", "PhysicalOutbox.CosmosDB.AcceptanceTests\PhysicalOutbox.CosmosDB.AcceptanceTests.csproj", "{F190D825-B92E-4C0C-BA05-CC9B9B9BDA76}"
EndProject
Global
	GlobalSection(SolutionConfigurationPlatforms) = preSolution
		Debug|Any CPU = Debug|Any CPU
		Release|Any CPU = Release|Any CPU
	EndGlobalSection
	GlobalSection(ProjectConfigurationPlatforms) = postSolution
		{12F1D9F1-0A2C-4442-8D18-67DD096C6300}.Debug|Any CPU.ActiveCfg = Debug|Any CPU
		{12F1D9F1-0A2C-4442-8D18-67DD096C6300}.Debug|Any CPU.Build.0 = Debug|Any CPU
		{12F1D9F1-0A2C-4442-8D18-67DD096C6300}.Release|Any CPU.ActiveCfg = Release|Any CPU
		{12F1D9F1-0A2C-4442-8D18-67DD096C6300}.Release|Any CPU.Build.0 = Release|Any CPU
		{E25B5433-7166-4C10-A76E-C0546F9E2497}.Debug|Any CPU.ActiveCfg = Debug|Any CPU
		{E25B5433-7166-4C10-A76E-C0546F9E2497}.Debug|Any CPU.Build.0 = Debug|Any CPU
		{E25B5433-7166-4C10-A76E-C0546F9E2497}.Release|Any CPU.ActiveCfg = Release|Any CPU
		{E25B5433-7166-4C10-A76E-C0546F9E2497}.Release|Any CPU.Build.0 = Release|Any CPU
		{EB7993F8-1F30-4688-B30B-E11370116EB0}.Debug|Any CPU.ActiveCfg = Debug|Any CPU
		{EB7993F8-1F30-4688-B30B-E11370116EB0}.Debug|Any CPU.Build.0 = Debug|Any CPU
		{EB7993F8-1F30-4688-B30B-E11370116EB0}.Release|Any CPU.ActiveCfg = Release|Any CPU
		{EB7993F8-1F30-4688-B30B-E11370116EB0}.Release|Any CPU.Build.0 = Release|Any CPU
		{25876184-D0C6-4049-AE23-8345A8D5097D}.Debug|Any CPU.ActiveCfg = Debug|Any CPU
		{25876184-D0C6-4049-AE23-8345A8D5097D}.Debug|Any CPU.Build.0 = Debug|Any CPU
		{25876184-D0C6-4049-AE23-8345A8D5097D}.Release|Any CPU.ActiveCfg = Release|Any CPU
		{25876184-D0C6-4049-AE23-8345A8D5097D}.Release|Any CPU.Build.0 = Release|Any CPU
		{DD21A669-2627-4BC0-9197-69FA75E03959}.Debug|Any CPU.ActiveCfg = Debug|Any CPU
		{DD21A669-2627-4BC0-9197-69FA75E03959}.Debug|Any CPU.Build.0 = Debug|Any CPU
		{DD21A669-2627-4BC0-9197-69FA75E03959}.Release|Any CPU.ActiveCfg = Release|Any CPU
		{DD21A669-2627-4BC0-9197-69FA75E03959}.Release|Any CPU.Build.0 = Release|Any CPU
		{8D2A3F43-F947-45A8-85E1-BD683613FB0E}.Debug|Any CPU.ActiveCfg = Debug|Any CPU
		{8D2A3F43-F947-45A8-85E1-BD683613FB0E}.Debug|Any CPU.Build.0 = Debug|Any CPU
		{8D2A3F43-F947-45A8-85E1-BD683613FB0E}.Release|Any CPU.ActiveCfg = Release|Any CPU
		{8D2A3F43-F947-45A8-85E1-BD683613FB0E}.Release|Any CPU.Build.0 = Release|Any CPU
		{7E310A40-8736-4EF5-989A-7AA0B5805C2C}.Debug|Any CPU.ActiveCfg = Debug|Any CPU
		{7E310A40-8736-4EF5-989A-7AA0B5805C2C}.Debug|Any CPU.Build.0 = Debug|Any CPU
		{7E310A40-8736-4EF5-989A-7AA0B5805C2C}.Release|Any CPU.ActiveCfg = Release|Any CPU
		{7E310A40-8736-4EF5-989A-7AA0B5805C2C}.Release|Any CPU.Build.0 = Release|Any CPU
		{EB5496F1-5B2C-4E4A-8B10-32F487233AD2}.Debug|Any CPU.ActiveCfg = Debug|Any CPU
		{EB5496F1-5B2C-4E4A-8B10-32F487233AD2}.Debug|Any CPU.Build.0 = Debug|Any CPU
		{EB5496F1-5B2C-4E4A-8B10-32F487233AD2}.Release|Any CPU.ActiveCfg = Release|Any CPU
		{EB5496F1-5B2C-4E4A-8B10-32F487233AD2}.Release|Any CPU.Build.0 = Release|Any CPU
		{2EFA7EE6-1ADA-4DD6-8DBB-1310FEB7D3CE}.Debug|Any CPU.ActiveCfg = Debug|Any CPU
		{2EFA7EE6-1ADA-4DD6-8DBB-1310FEB7D3CE}.Debug|Any CPU.Build.0 = Debug|Any CPU
		{2EFA7EE6-1ADA-4DD6-8DBB-1310FEB7D3CE}.Release|Any CPU.ActiveCfg = Release|Any CPU
		{2EFA7EE6-1ADA-4DD6-8DBB-1310FEB7D3CE}.Release|Any CPU.Build.0 = Release|Any CPU
		{F190D825-B92E-4C0C-BA05-CC9B9B9BDA76}.Debug|Any CPU.ActiveCfg = Debug|Any CPU
		{F190D825-B92E-4C0C-BA05-CC9B9B9BDA76}.Debug|Any CPU.Build.0 = Debug|Any CPU
		{F190D825-B92E-4C0C-BA05-CC9B9B9BDA76}.Release|Any CPU.ActiveCfg = Release|Any CPU
		{F190D825-B92E-4C0C-BA05-CC9B9B9BDA76}.Release|Any CPU.Build.0 = Release|Any CPU
	EndGlobalSection
	GlobalSection(SolutionProperties) = preSolution
		HideSolutionNode = FALSE
	EndGlobalSection
	GlobalSection(ExtensibilityGlobals) = postSolution
		SolutionGuid = {F6528E06-7F6F-4992-A1D8-7026741554FB}
	EndGlobalSection
EndGlobal
